
Microsoft Visual Studio Solution File, Format Version 12.00
# Visual Studio Version 17
VisualStudioVersion = 17.11.35222.181
MinimumVisualStudioVersion = 10.0.40219.1
Project("{2150E333-8FDC-42A3-9474-1A3956D46DE8}") = "Task0", "Task0", "{D6033055-D91F-4BA1-ABA8-8348A874FC89}"
EndProject
Project("{9A19103F-16F7-4668-BE54-9A1E7A4F7556}") = "Tyuiu.ShmidtAA.Sprint2.Task0.V18", "Tyuiu.ShmidtAA.Sprint2.Task0.V18\Tyuiu.ShmidtAA.Sprint2.Task0.V18.csproj", "{3A04A558-52A3-48F2-846F-ADB86C70D209}"
EndProject
Project("{9A19103F-16F7-4668-BE54-9A1E7A4F7556}") = "Tyuiu.ShmidtAA.Sprint2.Task0.V18.Lib", "Tyuiu.ShmidtAA.Sprint2.Task0.V18.Lib\Tyuiu.ShmidtAA.Sprint2.Task0.V18.Lib.csproj", "{1FAEFABB-DA4B-4812-B052-ADD1AC43B275}"
EndProject
Project("{9A19103F-16F7-4668-BE54-9A1E7A4F7556}") = "Tyuiu.ShmidtAA.Sprint2.Task0.V18.Test", "Tyuiu.ShmidtAA.Sprint2.Task0.V18.Test\Tyuiu.ShmidtAA.Sprint2.Task0.V18.Test.csproj", "{6F81FED9-CEEB-43B2-A6D1-6A5D1E2489D7}"
EndProject
Project("{2150E333-8FDC-42A3-9474-1A3956D46DE8}") = "Task1", "Task1", "{B0482C10-4717-4501-8CF3-A859B7BDF883}"
EndProject
Project("{9A19103F-16F7-4668-BE54-9A1E7A4F7556}") = "Tyuiu.ShmidtAA.Sprint2.Task1.V17", "Tyuiu.ShmidtAA.Sprint2.Task1.V17\Tyuiu.ShmidtAA.Sprint2.Task1.V17.csproj", "{C3A88169-CF10-4A88-9A5E-FDFE5245A8C3}"
EndProject
Project("{9A19103F-16F7-4668-BE54-9A1E7A4F7556}") = "Tyuiu.ShmidtAA.Sprint2.Task1.V17.Test", "Tyuiu.ShmidtAA.Sprint2.Task1.V17.Test\Tyuiu.ShmidtAA.Sprint2.Task1.V17.Test.csproj", "{0A031C21-CACE-46A9-91C9-34B334426D2F}"
EndProject
Project("{9A19103F-16F7-4668-BE54-9A1E7A4F7556}") = "Tyuiu.ShmidtAA.Sprint2.Task1.V17.Lib", "Tyuiu.ShmidtAA.Sprint2.Task1.V17.Lib\Tyuiu.ShmidtAA.Sprint2.Task1.V17.Lib.csproj", "{82307128-8744-491B-AED4-F81DBDA6E678}"
EndProject
Project("{2150E333-8FDC-42A3-9474-1A3956D46DE8}") = "Task2", "Task2", "{9628270A-E628-4677-8984-CC5A578823FA}"
EndProject
Project("{9A19103F-16F7-4668-BE54-9A1E7A4F7556}") = "Tyuiu.ShmidtAA.Sprint2.Task2.V3", "Tyuiu.ShmidtAA.Sprint2.Task2.V3\Tyuiu.ShmidtAA.Sprint2.Task2.V3.csproj", "{2CCD1E93-10BA-49EF-BEB7-9D2A91798BC7}"
EndProject
Project("{9A19103F-16F7-4668-BE54-9A1E7A4F7556}") = "Tyuiu.ShmidtAA.Sprint2.Task2.V3.Lib", "Tyuiu.ShmidtAA.Sprint2.Task2.V3.Lib\Tyuiu.ShmidtAA.Sprint2.Task2.V3.Lib.csproj", "{CC388EA7-E0D3-4771-AE1B-BAB63CE6E8DF}"
EndProject
Project("{9A19103F-16F7-4668-BE54-9A1E7A4F7556}") = "Tyuiu.ShmidtAA.Sprint2.Task2.V3.Test", "Tyuiu.ShmidtAA.Sprint2.Task2.V3.Test\Tyuiu.ShmidtAA.Sprint2.Task2.V3.Test.csproj", "{A9B1801C-0C83-479B-9BC0-2347D247ABC1}"
EndProject
Project("{2150E333-8FDC-42A3-9474-1A3956D46DE8}") = "Task3", "Task3", "{A4C9D6B3-CC4D-4782-8A01-2BD68D779372}"
EndProject
Project("{9A19103F-16F7-4668-BE54-9A1E7A4F7556}") = "Tyuiu.ShmidtAA.Sprint2.Task3.V15", "Tyuiu.ShmidtAA.Sprint2.Task3.V15\Tyuiu.ShmidtAA.Sprint2.Task3.V15.csproj", "{9CE271C3-FE3D-44F6-9E6B-97CF41611CA1}"
EndProject
Project("{9A19103F-16F7-4668-BE54-9A1E7A4F7556}") = "Tyuiu.ShmidtAA.Sprint2.Task3.V15.Lib", "Tyuiu.ShmidtAA.Sprint2.Task3.V15.Lib\Tyuiu.ShmidtAA.Sprint2.Task3.V15.Lib.csproj", "{7AA2F8D4-F321-43E4-A8F0-0C787AAA8501}"
EndProject
Project("{9A19103F-16F7-4668-BE54-9A1E7A4F7556}") = "Tyuiu.ShmidtAA.Sprint2.Task3.V15.Test", "Tyuiu.ShmidtAA.Sprint2.Task3.V15.Test\Tyuiu.ShmidtAA.Sprint2.Task3.V15.Test.csproj", "{20AB2A81-A09F-4D55-BDFC-EB9940830D5D}"
EndProject
Project("{2150E333-8FDC-42A3-9474-1A3956D46DE8}") = "Task4", "Task4", "{94D20333-AA8C-490D-9D79-6E44E7E7F3A4}"
EndProject
Project("{FAE04EC0-301F-11D3-BF4B-00C04F79EFBC}") = "Tyuiu.ShmidtAA.Sprint2.Task4.V11", "Tyuiu.ShmidtAA.Sprint2.Task4.V11\Tyuiu.ShmidtAA.Sprint2.Task4.V11.csproj", "{81B34988-D665-4CB8-BBA9-437B158CD29B}"
EndProject
Project("{FAE04EC0-301F-11D3-BF4B-00C04F79EFBC}") = "Tyuiu.ShmidtAA.Sprint2.Task4.V11.Lib", "Tyuiu.ShmidtAA.Sprint2.Task4.V11.Lib\Tyuiu.ShmidtAA.Sprint2.Task4.V11.Lib.csproj", "{B302F904-C70C-48FD-A882-83B4E82FEAF5}"
EndProject
Project("{FAE04EC0-301F-11D3-BF4B-00C04F79EFBC}") = "Tyuiu.ShmidtAA.Sprint2.Task4.V11.Test", "Tyuiu.ShmidtAA.Sprint2.Task4.V11.Test\Tyuiu.ShmidtAA.Sprint2.Task4.V11.Test.csproj", "{27D9DE7D-92A6-44E2-A455-5D965155137B}"
EndProject
Project("{2150E333-8FDC-42A3-9474-1A3956D46DE8}") = "Task5", "Task5", "{D01EC8C8-2806-4ADA-A1DD-8EDFAD433808}"
EndProject
Project("{FAE04EC0-301F-11D3-BF4B-00C04F79EFBC}") = "Tyuiu.ShmidtAA.Sprint2.Task5.V10", "Tyuiu.ShmidtAA.Sprint2.Task5.V10\Tyuiu.ShmidtAA.Sprint2.Task5.V10.csproj", "{925CAFD3-A533-41A9-BC4E-A6BA6178F809}"
EndProject
Project("{FAE04EC0-301F-11D3-BF4B-00C04F79EFBC}") = "Tyuiu.ShmidtAA.Sprint2.Task5.V10.Lib", "Tyuiu.ShmidtAA.Sprint2.Task5.V10.Lib\Tyuiu.ShmidtAA.Sprint2.Task5.V10.Lib.csproj", "{227B53BA-BD20-44A3-B4A4-77D71EFC19AB}"
EndProject
Project("{FAE04EC0-301F-11D3-BF4B-00C04F79EFBC}") = "Tyuiu.ShmidtAA.Sprint2.Task5.V10.Test", "Tyuiu.ShmidtAA.Sprint2.Task5.V10.Test\Tyuiu.ShmidtAA.Sprint2.Task5.V10.Test.csproj", "{937D7782-E457-488B-9C3D-370FE424609A}"
EndProject
Global
	GlobalSection(SolutionConfigurationPlatforms) = preSolution
		Debug|Any CPU = Debug|Any CPU
		Release|Any CPU = Release|Any CPU
	EndGlobalSection
	GlobalSection(ProjectConfigurationPlatforms) = postSolution
		{3A04A558-52A3-48F2-846F-ADB86C70D209}.Debug|Any CPU.ActiveCfg = Debug|Any CPU
		{3A04A558-52A3-48F2-846F-ADB86C70D209}.Debug|Any CPU.Build.0 = Debug|Any CPU
		{3A04A558-52A3-48F2-846F-ADB86C70D209}.Release|Any CPU.ActiveCfg = Release|Any CPU
		{3A04A558-52A3-48F2-846F-ADB86C70D209}.Release|Any CPU.Build.0 = Release|Any CPU
		{1FAEFABB-DA4B-4812-B052-ADD1AC43B275}.Debug|Any CPU.ActiveCfg = Debug|Any CPU
		{1FAEFABB-DA4B-4812-B052-ADD1AC43B275}.Debug|Any CPU.Build.0 = Debug|Any CPU
		{1FAEFABB-DA4B-4812-B052-ADD1AC43B275}.Release|Any CPU.ActiveCfg = Release|Any CPU
		{1FAEFABB-DA4B-4812-B052-ADD1AC43B275}.Release|Any CPU.Build.0 = Release|Any CPU
		{6F81FED9-CEEB-43B2-A6D1-6A5D1E2489D7}.Debug|Any CPU.ActiveCfg = Debug|Any CPU
		{6F81FED9-CEEB-43B2-A6D1-6A5D1E2489D7}.Debug|Any CPU.Build.0 = Debug|Any CPU
		{6F81FED9-CEEB-43B2-A6D1-6A5D1E2489D7}.Release|Any CPU.ActiveCfg = Release|Any CPU
		{6F81FED9-CEEB-43B2-A6D1-6A5D1E2489D7}.Release|Any CPU.Build.0 = Release|Any CPU
		{C3A88169-CF10-4A88-9A5E-FDFE5245A8C3}.Debug|Any CPU.ActiveCfg = Debug|Any CPU
		{C3A88169-CF10-4A88-9A5E-FDFE5245A8C3}.Debug|Any CPU.Build.0 = Debug|Any CPU
		{C3A88169-CF10-4A88-9A5E-FDFE5245A8C3}.Release|Any CPU.ActiveCfg = Release|Any CPU
		{C3A88169-CF10-4A88-9A5E-FDFE5245A8C3}.Release|Any CPU.Build.0 = Release|Any CPU
		{0A031C21-CACE-46A9-91C9-34B334426D2F}.Debug|Any CPU.ActiveCfg = Debug|Any CPU
		{0A031C21-CACE-46A9-91C9-34B334426D2F}.Debug|Any CPU.Build.0 = Debug|Any CPU
		{0A031C21-CACE-46A9-91C9-34B334426D2F}.Release|Any CPU.ActiveCfg = Release|Any CPU
		{0A031C21-CACE-46A9-91C9-34B334426D2F}.Release|Any CPU.Build.0 = Release|Any CPU
		{82307128-8744-491B-AED4-F81DBDA6E678}.Debug|Any CPU.ActiveCfg = Debug|Any CPU
		{82307128-8744-491B-AED4-F81DBDA6E678}.Debug|Any CPU.Build.0 = Debug|Any CPU
		{82307128-8744-491B-AED4-F81DBDA6E678}.Release|Any CPU.ActiveCfg = Release|Any CPU
		{82307128-8744-491B-AED4-F81DBDA6E678}.Release|Any CPU.Build.0 = Release|Any CPU
		{2CCD1E93-10BA-49EF-BEB7-9D2A91798BC7}.Debug|Any CPU.ActiveCfg = Debug|Any CPU
		{2CCD1E93-10BA-49EF-BEB7-9D2A91798BC7}.Debug|Any CPU.Build.0 = Debug|Any CPU
		{2CCD1E93-10BA-49EF-BEB7-9D2A91798BC7}.Release|Any CPU.ActiveCfg = Release|Any CPU
		{2CCD1E93-10BA-49EF-BEB7-9D2A91798BC7}.Release|Any CPU.Build.0 = Release|Any CPU
		{CC388EA7-E0D3-4771-AE1B-BAB63CE6E8DF}.Debug|Any CPU.ActiveCfg = Debug|Any CPU
		{CC388EA7-E0D3-4771-AE1B-BAB63CE6E8DF}.Debug|Any CPU.Build.0 = Debug|Any CPU
		{CC388EA7-E0D3-4771-AE1B-BAB63CE6E8DF}.Release|Any CPU.ActiveCfg = Release|Any CPU
		{CC388EA7-E0D3-4771-AE1B-BAB63CE6E8DF}.Release|Any CPU.Build.0 = Release|Any CPU
		{A9B1801C-0C83-479B-9BC0-2347D247ABC1}.Debug|Any CPU.ActiveCfg = Debug|Any CPU
		{A9B1801C-0C83-479B-9BC0-2347D247ABC1}.Debug|Any CPU.Build.0 = Debug|Any CPU
		{A9B1801C-0C83-479B-9BC0-2347D247ABC1}.Release|Any CPU.ActiveCfg = Release|Any CPU
		{A9B1801C-0C83-479B-9BC0-2347D247ABC1}.Release|Any CPU.Build.0 = Release|Any CPU
		{9CE271C3-FE3D-44F6-9E6B-97CF41611CA1}.Debug|Any CPU.ActiveCfg = Debug|Any CPU
		{9CE271C3-FE3D-44F6-9E6B-97CF41611CA1}.Debug|Any CPU.Build.0 = Debug|Any CPU
		{9CE271C3-FE3D-44F6-9E6B-97CF41611CA1}.Release|Any CPU.ActiveCfg = Release|Any CPU
		{9CE271C3-FE3D-44F6-9E6B-97CF41611CA1}.Release|Any CPU.Build.0 = Release|Any CPU
		{7AA2F8D4-F321-43E4-A8F0-0C787AAA8501}.Debug|Any CPU.ActiveCfg = Debug|Any CPU
		{7AA2F8D4-F321-43E4-A8F0-0C787AAA8501}.Debug|Any CPU.Build.0 = Debug|Any CPU
		{7AA2F8D4-F321-43E4-A8F0-0C787AAA8501}.Release|Any CPU.ActiveCfg = Release|Any CPU
		{7AA2F8D4-F321-43E4-A8F0-0C787AAA8501}.Release|Any CPU.Build.0 = Release|Any CPU
		{20AB2A81-A09F-4D55-BDFC-EB9940830D5D}.Debug|Any CPU.ActiveCfg = Debug|Any CPU
		{20AB2A81-A09F-4D55-BDFC-EB9940830D5D}.Debug|Any CPU.Build.0 = Debug|Any CPU
		{20AB2A81-A09F-4D55-BDFC-EB9940830D5D}.Release|Any CPU.ActiveCfg = Release|Any CPU
		{20AB2A81-A09F-4D55-BDFC-EB9940830D5D}.Release|Any CPU.Build.0 = Release|Any CPU
		{81B34988-D665-4CB8-BBA9-437B158CD29B}.Debug|Any CPU.ActiveCfg = Debug|Any CPU
		{81B34988-D665-4CB8-BBA9-437B158CD29B}.Debug|Any CPU.Build.0 = Debug|Any CPU
		{81B34988-D665-4CB8-BBA9-437B158CD29B}.Release|Any CPU.ActiveCfg = Release|Any CPU
		{81B34988-D665-4CB8-BBA9-437B158CD29B}.Release|Any CPU.Build.0 = Release|Any CPU
		{B302F904-C70C-48FD-A882-83B4E82FEAF5}.Debug|Any CPU.ActiveCfg = Debug|Any CPU
		{B302F904-C70C-48FD-A882-83B4E82FEAF5}.Debug|Any CPU.Build.0 = Debug|Any CPU
		{B302F904-C70C-48FD-A882-83B4E82FEAF5}.Release|Any CPU.ActiveCfg = Release|Any CPU
		{B302F904-C70C-48FD-A882-83B4E82FEAF5}.Release|Any CPU.Build.0 = Release|Any CPU
		{27D9DE7D-92A6-44E2-A455-5D965155137B}.Debug|Any CPU.ActiveCfg = Debug|Any CPU
		{27D9DE7D-92A6-44E2-A455-5D965155137B}.Debug|Any CPU.Build.0 = Debug|Any CPU
		{27D9DE7D-92A6-44E2-A455-5D965155137B}.Release|Any CPU.ActiveCfg = Release|Any CPU
		{27D9DE7D-92A6-44E2-A455-5D965155137B}.Release|Any CPU.Build.0 = Release|Any CPU
		{925CAFD3-A533-41A9-BC4E-A6BA6178F809}.Debug|Any CPU.ActiveCfg = Debug|Any CPU
		{925CAFD3-A533-41A9-BC4E-A6BA6178F809}.Debug|Any CPU.Build.0 = Debug|Any CPU
		{925CAFD3-A533-41A9-BC4E-A6BA6178F809}.Release|Any CPU.ActiveCfg = Release|Any CPU
		{925CAFD3-A533-41A9-BC4E-A6BA6178F809}.Release|Any CPU.Build.0 = Release|Any CPU
		{227B53BA-BD20-44A3-B4A4-77D71EFC19AB}.Debug|Any CPU.ActiveCfg = Debug|Any CPU
		{227B53BA-BD20-44A3-B4A4-77D71EFC19AB}.Debug|Any CPU.Build.0 = Debug|Any CPU
		{227B53BA-BD20-44A3-B4A4-77D71EFC19AB}.Release|Any CPU.ActiveCfg = Release|Any CPU
		{227B53BA-BD20-44A3-B4A4-77D71EFC19AB}.Release|Any CPU.Build.0 = Release|Any CPU
		{937D7782-E457-488B-9C3D-370FE424609A}.Debug|Any CPU.ActiveCfg = Debug|Any CPU
		{937D7782-E457-488B-9C3D-370FE424609A}.Debug|Any CPU.Build.0 = Debug|Any CPU
		{937D7782-E457-488B-9C3D-370FE424609A}.Release|Any CPU.ActiveCfg = Release|Any CPU
		{937D7782-E457-488B-9C3D-370FE424609A}.Release|Any CPU.Build.0 = Release|Any CPU
	EndGlobalSection
	GlobalSection(SolutionProperties) = preSolution
		HideSolutionNode = FALSE
	EndGlobalSection
	GlobalSection(NestedProjects) = preSolution
		{3A04A558-52A3-48F2-846F-ADB86C70D209} = {D6033055-D91F-4BA1-ABA8-8348A874FC89}
		{1FAEFABB-DA4B-4812-B052-ADD1AC43B275} = {D6033055-D91F-4BA1-ABA8-8348A874FC89}
		{6F81FED9-CEEB-43B2-A6D1-6A5D1E2489D7} = {D6033055-D91F-4BA1-ABA8-8348A874FC89}
		{C3A88169-CF10-4A88-9A5E-FDFE5245A8C3} = {B0482C10-4717-4501-8CF3-A859B7BDF883}
		{0A031C21-CACE-46A9-91C9-34B334426D2F} = {B0482C10-4717-4501-8CF3-A859B7BDF883}
		{82307128-8744-491B-AED4-F81DBDA6E678} = {B0482C10-4717-4501-8CF3-A859B7BDF883}
		{2CCD1E93-10BA-49EF-BEB7-9D2A91798BC7} = {9628270A-E628-4677-8984-CC5A578823FA}
		{CC388EA7-E0D3-4771-AE1B-BAB63CE6E8DF} = {9628270A-E628-4677-8984-CC5A578823FA}
		{A9B1801C-0C83-479B-9BC0-2347D247ABC1} = {9628270A-E628-4677-8984-CC5A578823FA}
		{9CE271C3-FE3D-44F6-9E6B-97CF41611CA1} = {A4C9D6B3-CC4D-4782-8A01-2BD68D779372}
		{7AA2F8D4-F321-43E4-A8F0-0C787AAA8501} = {A4C9D6B3-CC4D-4782-8A01-2BD68D779372}
		{20AB2A81-A09F-4D55-BDFC-EB9940830D5D} = {A4C9D6B3-CC4D-4782-8A01-2BD68D779372}
		{81B34988-D665-4CB8-BBA9-437B158CD29B} = {94D20333-AA8C-490D-9D79-6E44E7E7F3A4}
		{B302F904-C70C-48FD-A882-83B4E82FEAF5} = {94D20333-AA8C-490D-9D79-6E44E7E7F3A4}
		{27D9DE7D-92A6-44E2-A455-5D965155137B} = {94D20333-AA8C-490D-9D79-6E44E7E7F3A4}
		{925CAFD3-A533-41A9-BC4E-A6BA6178F809} = {D01EC8C8-2806-4ADA-A1DD-8EDFAD433808}
		{227B53BA-BD20-44A3-B4A4-77D71EFC19AB} = {D01EC8C8-2806-4ADA-A1DD-8EDFAD433808}
		{937D7782-E457-488B-9C3D-370FE424609A} = {D01EC8C8-2806-4ADA-A1DD-8EDFAD433808}
	EndGlobalSection
	GlobalSection(ExtensibilityGlobals) = postSolution
		SolutionGuid = {AFE2EE4F-C76B-449A-85C1-E329E860768E}
	EndGlobalSection
EndGlobal
